
Microsoft Visual Studio Solution File, Format Version 12.00
# Visual Studio Version 16
VisualStudioVersion = 16.0.30225.117
MinimumVisualStudioVersion = 10.0.40219.1
Project("{FAE04EC0-301F-11D3-BF4B-00C04F79EFBC}") = "RDPTester", "RDPTester\RDPTester.csproj", "{4116B0BC-243A-4065-920A-E071E86B22BD}"
EndProject
Global
	GlobalSection(SolutionConfigurationPlatforms) = preSolution
		Debug|Any CPU = Debug|Any CPU
		Release|Any CPU = Release|Any CPU
	EndGlobalSection
	GlobalSection(ProjectConfigurationPlatforms) = postSolution
		{4116B0BC-243A-4065-920A-E071E86B22BD}.Debug|Any CPU.ActiveCfg = Debug|Any CPU
		{4116B0BC-243A-4065-920A-E071E86B22BD}.Debug|Any CPU.Build.0 = Debug|Any CPU
		{4116B0BC-243A-4065-920A-E071E86B22BD}.Release|Any CPU.ActiveCfg = Release|Any CPU
		{4116B0BC-243A-4065-920A-E071E86B22BD}.Release|Any CPU.Build.0 = Release|Any CPU
	EndGlobalSection
	GlobalSection(SolutionProperties) = preSolution
		HideSolutionNode = FALSE
	EndGlobalSection
	GlobalSection(ExtensibilityGlobals) = postSolution
		SolutionGuid = {BE8F06C7-F785-4E55-BDA6-482A17697871}
	EndGlobalSection
EndGlobal
